// !$*UTF8*$!
{
	archiveVersion = 1;
	classes = {
	};
	objectVersion = 46;
	objects = {

/* Begin PBXBuildFile section */
		9A2BA4261A8F8286000FD11E /* ClosureKitTests.swift in Sources */ = {isa = PBXBuildFile; fileRef = 9A2BA4251A8F8286000FD11E /* ClosureKitTests.swift */; };
		9A2BA4291A8F82DC000FD11E /* ClosureKitTests.swift in Sources */ = {isa = PBXBuildFile; fileRef = 9A2BA4251A8F8286000FD11E /* ClosureKitTests.swift */; };
/* End PBXBuildFile section */

/* Begin PBXFileReference section */
		9A1805EB1A8F801200F0C76F /* iOS Tests.xctest */ = {isa = PBXFileReference; explicitFileType = wrapper.cfbundle; includeInIndex = 0; path = "iOS Tests.xctest"; sourceTree = BUILT_PRODUCTS_DIR; };
		9A2BA4251A8F8286000FD11E /* ClosureKitTests.swift */ = {isa = PBXFileReference; fileEncoding = 4; lastKnownFileType = sourcecode.swift; name = ClosureKitTests.swift; path = Tests/ClosureKitTests.swift; sourceTree = SOURCE_ROOT; };
		9A2BA42F1A8F82DC000FD11E /* MacOSTests.xctest */ = {isa = PBXFileReference; explicitFileType = wrapper.cfbundle; includeInIndex = 0; path = MacOSTests.xctest; sourceTree = BUILT_PRODUCTS_DIR; };
		9A2BA4311A8F831D000FD11E /* MacOSTests.plist */ = {isa = PBXFileReference; lastKnownFileType = text.plist.xml; name = MacOSTests.plist; path = Tests/Target/MacOSTests.plist; sourceTree = SOURCE_ROOT; };
		9AEEB7621A8F824900332122 /* iOSTests.plist */ = {isa = PBXFileReference; fileEncoding = 4; lastKnownFileType = text.plist.xml; name = iOSTests.plist; path = Tests/Target/iOSTests.plist; sourceTree = SOURCE_ROOT; };
/* End PBXFileReference section */

/* Begin PBXFrameworksBuildPhase section */
		9A1805E81A8F801200F0C76F /* Frameworks */ = {
			isa = PBXFrameworksBuildPhase;
			buildActionMask = 2147483647;
			files = (
			);
			runOnlyForDeploymentPostprocessing = 0;
		};
		9A2BA42A1A8F82DC000FD11E /* Frameworks */ = {
			isa = PBXFrameworksBuildPhase;
			buildActionMask = 2147483647;
			files = (
			);
			runOnlyForDeploymentPostprocessing = 0;
		};
/* End PBXFrameworksBuildPhase section */

/* Begin PBXGroup section */
		9A1805CD1A8F801200F0C76F = {
			isa = PBXGroup;
			children = (
				9A1805EE1A8F801200F0C76F /* ClosureKitTests */,
				9A1805D71A8F801200F0C76F /* Products */,
			);
			sourceTree = "<group>";
		};
		9A1805D71A8F801200F0C76F /* Products */ = {
			isa = PBXGroup;
			children = (
				9A1805EB1A8F801200F0C76F /* iOS Tests.xctest */,
				9A2BA42F1A8F82DC000FD11E /* MacOSTests.xctest */,
			);
			name = Products;
			sourceTree = "<group>";
		};
		9A1805EE1A8F801200F0C76F /* ClosureKitTests */ = {
			isa = PBXGroup;
			children = (
				9A2BA4251A8F8286000FD11E /* ClosureKitTests.swift */,
				9A1805EF1A8F801200F0C76F /* Supporting Files */,
			);
			path = ClosureKitTests;
			sourceTree = "<group>";
		};
		9A1805EF1A8F801200F0C76F /* Supporting Files */ = {
			isa = PBXGroup;
			children = (
				9AEEB7621A8F824900332122 /* iOSTests.plist */,
				9A2BA4311A8F831D000FD11E /* MacOSTests.plist */,
			);
			name = "Supporting Files";
			sourceTree = "<group>";
		};
/* End PBXGroup section */

/* Begin PBXNativeTarget section */
		9A1805EA1A8F801200F0C76F /* iOS Tests */ = {
			isa = PBXNativeTarget;
			buildConfigurationList = 9A1805F81A8F801200F0C76F /* Build configuration list for PBXNativeTarget "iOS Tests" */;
			buildPhases = (
				9A1805E71A8F801200F0C76F /* Sources */,
				9A1805E81A8F801200F0C76F /* Frameworks */,
				9A1805E91A8F801200F0C76F /* Resources */,
			);
			buildRules = (
			);
			dependencies = (
			);
			name = "iOS Tests";
			productName = ClosureKitTests;
			productReference = 9A1805EB1A8F801200F0C76F /* iOS Tests.xctest */;
			productType = "com.apple.product-type.bundle.unit-test";
		};
		9A2BA4271A8F82DC000FD11E /* MacOSTests */ = {
			isa = PBXNativeTarget;
			buildConfigurationList = 9A2BA42C1A8F82DC000FD11E /* Build configuration list for PBXNativeTarget "MacOSTests" */;
			buildPhases = (
				9A2BA4281A8F82DC000FD11E /* Sources */,
				9A2BA42A1A8F82DC000FD11E /* Frameworks */,
				9A2BA42B1A8F82DC000FD11E /* Resources */,
			);
			buildRules = (
			);
			dependencies = (
			);
			name = MacOSTests;
			productName = ClosureKitTests;
			productReference = 9A2BA42F1A8F82DC000FD11E /* MacOSTests.xctest */;
			productType = "com.apple.product-type.bundle.unit-test";
		};
/* End PBXNativeTarget section */

/* Begin PBXProject section */
		9A1805CE1A8F801200F0C76F /* Project object */ = {
			isa = PBXProject;
			attributes = {
				LastUpgradeCheck = 0610;
				ORGANIZATIONNAME = MLSDev;
				TargetAttributes = {
					9A1805EA1A8F801200F0C76F = {
						CreatedOnToolsVersion = 6.1.1;
					};
				};
			};
			buildConfigurationList = 9A1805D11A8F801200F0C76F /* Build configuration list for PBXProject "ClosureKit" */;
			compatibilityVersion = "Xcode 3.2";
			developmentRegion = English;
			hasScannedForEncodings = 0;
			knownRegions = (
				en,
				Base,
			);
			mainGroup = 9A1805CD1A8F801200F0C76F;
			productRefGroup = 9A1805D71A8F801200F0C76F /* Products */;
			projectDirPath = "";
			projectRoot = "";
			targets = (
				9A1805EA1A8F801200F0C76F /* iOS Tests */,
				9A2BA4271A8F82DC000FD11E /* MacOSTests */,
			);
		};
/* End PBXProject section */

/* Begin PBXResourcesBuildPhase section */
		9A1805E91A8F801200F0C76F /* Resources */ = {
			isa = PBXResourcesBuildPhase;
			buildActionMask = 2147483647;
			files = (
			);
			runOnlyForDeploymentPostprocessing = 0;
		};
		9A2BA42B1A8F82DC000FD11E /* Resources */ = {
			isa = PBXResourcesBuildPhase;
			buildActionMask = 2147483647;
			files = (
			);
			runOnlyForDeploymentPostprocessing = 0;
		};
/* End PBXResourcesBuildPhase section */

/* Begin PBXSourcesBuildPhase section */
		9A1805E71A8F801200F0C76F /* Sources */ = {
			isa = PBXSourcesBuildPhase;
			buildActionMask = 2147483647;
			files = (
				9A2BA4261A8F8286000FD11E /* ClosureKitTests.swift in Sources */,
			);
			runOnlyForDeploymentPostprocessing = 0;
		};
		9A2BA4281A8F82DC000FD11E /* Sources */ = {
			isa = PBXSourcesBuildPhase;
			buildActionMask = 2147483647;
			files = (
				9A2BA4291A8F82DC000FD11E /* ClosureKitTests.swift in Sources */,
			);
			runOnlyForDeploymentPostprocessing = 0;
		};
/* End PBXSourcesBuildPhase section */

/* Begin XCBuildConfiguration section */
		9A1805F31A8F801200F0C76F /* Debug */ = {
			isa = XCBuildConfiguration;
			buildSettings = {
				ALWAYS_SEARCH_USER_PATHS = NO;
				CLANG_CXX_LANGUAGE_STANDARD = "gnu++0x";
				CLANG_CXX_LIBRARY = "libc++";
				CLANG_ENABLE_MODULES = YES;
				CLANG_ENABLE_OBJC_ARC = YES;
				CLANG_WARN_BOOL_CONVERSION = YES;
				CLANG_WARN_CONSTANT_CONVERSION = YES;
				CLANG_WARN_DIRECT_OBJC_ISA_USAGE = YES_ERROR;
				CLANG_WARN_EMPTY_BODY = YES;
				CLANG_WARN_ENUM_CONVERSION = YES;
				CLANG_WARN_INT_CONVERSION = YES;
				CLANG_WARN_OBJC_ROOT_CLASS = YES_ERROR;
				CLANG_WARN_UNREACHABLE_CODE = YES;
				CLANG_WARN__DUPLICATE_METHOD_MATCH = YES;
				"CODE_SIGN_IDENTITY[sdk=iphoneos*]" = "iPhone Developer";
				COPY_PHASE_STRIP = NO;
				ENABLE_STRICT_OBJC_MSGSEND = YES;
				GCC_C_LANGUAGE_STANDARD = gnu99;
				GCC_DYNAMIC_NO_PIC = NO;
				GCC_OPTIMIZATION_LEVEL = 0;
				GCC_PREPROCESSOR_DEFINITIONS = (
					"DEBUG=1",
					"$(inherited)",
				);
				GCC_SYMBOLS_PRIVATE_EXTERN = NO;
				GCC_WARN_64_TO_32_BIT_CONVERSION = YES;
				GCC_WARN_ABOUT_RETURN_TYPE = YES_ERROR;
				GCC_WARN_UNDECLARED_SELECTOR = YES;
				GCC_WARN_UNINITIALIZED_AUTOS = YES_AGGRESSIVE;
				GCC_WARN_UNUSED_FUNCTION = YES;
				GCC_WARN_UNUSED_VARIABLE = YES;
				IPHONEOS_DEPLOYMENT_TARGET = 8.1;
				MTL_ENABLE_DEBUG_INFO = YES;
				ONLY_ACTIVE_ARCH = YES;
				SDKROOT = iphoneos;
				SWIFT_OPTIMIZATION_LEVEL = "-Onone";
				TARGETED_DEVICE_FAMILY = "1,2";
			};
			name = Debug;
		};
		9A1805F41A8F801200F0C76F /* Release */ = {
			isa = XCBuildConfiguration;
			buildSettings = {
				ALWAYS_SEARCH_USER_PATHS = NO;
				CLANG_CXX_LANGUAGE_STANDARD = "gnu++0x";
				CLANG_CXX_LIBRARY = "libc++";
				CLANG_ENABLE_MODULES = YES;
				CLANG_ENABLE_OBJC_ARC = YES;
				CLANG_WARN_BOOL_CONVERSION = YES;
				CLANG_WARN_CONSTANT_CONVERSION = YES;
				CLANG_WARN_DIRECT_OBJC_ISA_USAGE = YES_ERROR;
				CLANG_WARN_EMPTY_BODY = YES;
				CLANG_WARN_ENUM_CONVERSION = YES;
				CLANG_WARN_INT_CONVERSION = YES;
				CLANG_WARN_OBJC_ROOT_CLASS = YES_ERROR;
				CLANG_WARN_UNREACHABLE_CODE = YES;
				CLANG_WARN__DUPLICATE_METHOD_MATCH = YES;
				"CODE_SIGN_IDENTITY[sdk=iphoneos*]" = "iPhone Developer";
				COPY_PHASE_STRIP = YES;
				ENABLE_NS_ASSERTIONS = NO;
				ENABLE_STRICT_OBJC_MSGSEND = YES;
				GCC_C_LANGUAGE_STANDARD = gnu99;
				GCC_WARN_64_TO_32_BIT_CONVERSION = YES;
				GCC_WARN_ABOUT_RETURN_TYPE = YES_ERROR;
				GCC_WARN_UNDECLARED_SELECTOR = YES;
				GCC_WARN_UNINITIALIZED_AUTOS = YES_AGGRESSIVE;
				GCC_WARN_UNUSED_FUNCTION = YES;
				GCC_WARN_UNUSED_VARIABLE = YES;
				IPHONEOS_DEPLOYMENT_TARGET = 8.1;
				MTL_ENABLE_DEBUG_INFO = NO;
				SDKROOT = iphoneos;
				TARGETED_DEVICE_FAMILY = "1,2";
				VALIDATE_PRODUCT = YES;
			};
			name = Release;
		};
		9A1805F91A8F801200F0C76F /* Debug */ = {
			isa = XCBuildConfiguration;
			buildSettings = {
				CLANG_ENABLE_MODULES = YES;
				FRAMEWORK_SEARCH_PATHS = (
					"$(SDKROOT)/Developer/Library/Frameworks",
					"$(inherited)",
				);
				GCC_PREPROCESSOR_DEFINITIONS = (
					"DEBUG=1",
					"$(inherited)",
				);
				INFOPLIST_FILE = Tests/Target/iOSTests.plist;
				LD_RUNPATH_SEARCH_PATHS = "$(inherited) @executable_path/Frameworks @loader_path/Frameworks";
				PRODUCT_NAME = "$(TARGET_NAME)";
				SWIFT_OPTIMIZATION_LEVEL = "-Onone";
			};
			name = Debug;
		};
		9A1805FA1A8F801200F0C76F /* Release */ = {
			isa = XCBuildConfiguration;
			buildSettings = {
				CLANG_ENABLE_MODULES = YES;
				FRAMEWORK_SEARCH_PATHS = (
					"$(SDKROOT)/Developer/Library/Frameworks",
					"$(inherited)",
				);
				INFOPLIST_FILE = Tests/Target/iOSTests.plist;
				LD_RUNPATH_SEARCH_PATHS = "$(inherited) @executable_path/Frameworks @loader_path/Frameworks";
				PRODUCT_NAME = "$(TARGET_NAME)";
			};
			name = Release;
		};
		9A2BA42D1A8F82DC000FD11E /* Debug */ = {
			isa = XCBuildConfiguration;
			buildSettings = {
				CLANG_ENABLE_MODULES = YES;
				FRAMEWORK_SEARCH_PATHS = (
					"$(SDKROOT)/Developer/Library/Frameworks",
					"$(inherited)",
				);
				GCC_PREPROCESSOR_DEFINITIONS = (
					"DEBUG=1",
					"$(inherited)",
				);
				INFOPLIST_FILE = Tests/Target/MacOSTests.plist;
				LD_RUNPATH_SEARCH_PATHS = "$(inherited) @executable_path/Frameworks @loader_path/Frameworks";
				PRODUCT_NAME = MacOSTests;
				SDKROOT = macosx;
				SUPPORTED_PLATFORMS = macosx;
				SWIFT_OPTIMIZATION_LEVEL = "-Onone";
			};
			name = Debug;
		};
		9A2BA42E1A8F82DC000FD11E /* Release */ = {
			isa = XCBuildConfiguration;
			buildSettings = {
				CLANG_ENABLE_MODULES = YES;
				FRAMEWORK_SEARCH_PATHS = (
					"$(SDKROOT)/Developer/Library/Frameworks",
					"$(inherited)",
				);
				INFOPLIST_FILE = Tests/Target/MacOSTests.plist;
				LD_RUNPATH_SEARCH_PATHS = "$(inherited) @executable_path/Frameworks @loader_path/Frameworks";
				PRODUCT_NAME = MacOSTests;
				SDKROOT = macosx;
				SUPPORTED_PLATFORMS = macosx;
			};
			name = Release;
		};
/* End XCBuildConfiguration section */

/* Begin XCConfigurationList section */
		9A1805D11A8F801200F0C76F /* Build configuration list for PBXProject "ClosureKit" */ = {
			isa = XCConfigurationList;
			buildConfigurations = (
				9A1805F31A8F801200F0C76F /* Debug */,
				9A1805F41A8F801200F0C76F /* Release */,
			);
			defaultConfigurationIsVisible = 0;
			defaultConfigurationName = Release;
		};
		9A1805F81A8F801200F0C76F /* Build configuration list for PBXNativeTarget "iOS Tests" */ = {
			isa = XCConfigurationList;
			buildConfigurations = (
				9A1805F91A8F801200F0C76F /* Debug */,
				9A1805FA1A8F801200F0C76F /* Release */,
			);
			defaultConfigurationIsVisible = 0;
			defaultConfigurationName = Release;
		};
		9A2BA42C1A8F82DC000FD11E /* Build configuration list for PBXNativeTarget "MacOSTests" */ = {
			isa = XCConfigurationList;
			buildConfigurations = (
				9A2BA42D1A8F82DC000FD11E /* Debug */,
				9A2BA42E1A8F82DC000FD11E /* Release */,
			);
			defaultConfigurationIsVisible = 0;
			defaultConfigurationName = Release;
		};
/* End XCConfigurationList section */
	};
	rootObject = 9A1805CE1A8F801200F0C76F /* Project object */;
}
